// !$*UTF8*$!
{
	archiveVersion = 1;
	classes = {
	};
	objectVersion = 55;
	objects = {

/* Begin PBXBuildFile section */
		AD154B49289D004700D6779C /* SearchingMovieManager.swift in Sources */ = {isa = PBXBuildFile; fileRef = AD154B48289D004700D6779C /* SearchingMovieManager.swift */; };
		AD154B4B289D260000D6779C /* SearchingCastManager.swift in Sources */ = {isa = PBXBuildFile; fileRef = AD154B4A289D260000D6779C /* SearchingCastManager.swift */; };
		AD6702D82899F6C80049E2E8 /* AppDelegate.swift in Sources */ = {isa = PBXBuildFile; fileRef = AD6702D72899F6C80049E2E8 /* AppDelegate.swift */; };
		AD6702DA2899F6C80049E2E8 /* SceneDelegate.swift in Sources */ = {isa = PBXBuildFile; fileRef = AD6702D92899F6C80049E2E8 /* SceneDelegate.swift */; };
		AD6702DF2899F6C80049E2E8 /* Main.storyboard in Resources */ = {isa = PBXBuildFile; fileRef = AD6702DD2899F6C80049E2E8 /* Main.storyboard */; };
		AD6702E12899F6C90049E2E8 /* Assets.xcassets in Resources */ = {isa = PBXBuildFile; fileRef = AD6702E02899F6C90049E2E8 /* Assets.xcassets */; };
		AD6702E42899F6C90049E2E8 /* LaunchScreen.storyboard in Resources */ = {isa = PBXBuildFile; fileRef = AD6702E22899F6C90049E2E8 /* LaunchScreen.storyboard */; };
		AD6702EC2899F7D30049E2E8 /* .gitignore in Resources */ = {isa = PBXBuildFile; fileRef = AD6702EB2899F7D30049E2E8 /* .gitignore */; };
		AD6702EE2899F88E0049E2E8 /* APIKey.swift in Sources */ = {isa = PBXBuildFile; fileRef = AD6702ED2899F88E0049E2E8 /* APIKey.swift */; };
		AD6C0D4D289AB15F00BC54D3 /* HeaderCollectionViewFlowLayout.swift in Sources */ = {isa = PBXBuildFile; fileRef = AD6C0D4C289AB15F00BC54D3 /* HeaderCollectionViewFlowLayout.swift */; };
		AD6C0D51289AB36200BC54D3 /* HeaderReusableView.xib in Resources */ = {isa = PBXBuildFile; fileRef = AD6C0D4F289AB36200BC54D3 /* HeaderReusableView.xib */; };
		AD6C0D53289AC67D00BC54D3 /* UIView+Extension.swift in Sources */ = {isa = PBXBuildFile; fileRef = AD6C0D52289AC67D00BC54D3 /* UIView+Extension.swift */; };
		AD7827C8289E432400E52C9B /* HeaderReusableView.swift in Sources */ = {isa = PBXBuildFile; fileRef = AD7827C7289E432400E52C9B /* HeaderReusableView.swift */; };
		AD8F26D2289BE51B00A5D4D7 /* DetailMovieTableViewCell.swift in Sources */ = {isa = PBXBuildFile; fileRef = AD8F26D0289BE51B00A5D4D7 /* DetailMovieTableViewCell.swift */; };
		AD8F26D3289BE51B00A5D4D7 /* DetailMovieTableViewCell.xib in Resources */ = {isa = PBXBuildFile; fileRef = AD8F26D1289BE51B00A5D4D7 /* DetailMovieTableViewCell.xib */; };
		ADCE065D289C03850034246E /* DetailViewController.swift in Sources */ = {isa = PBXBuildFile; fileRef = ADCE065C289C03850034246E /* DetailViewController.swift */; };
		ADF00874289A685E00849163 /* TMDBViewController.swift in Sources */ = {isa = PBXBuildFile; fileRef = ADF00873289A685E00849163 /* TMDBViewController.swift */; };
		ADF00877289A690500849163 /* Kingfisher in Frameworks */ = {isa = PBXBuildFile; productRef = ADF00876289A690500849163 /* Kingfisher */; };
		ADF0087A289A691300849163 /* Alamofire in Frameworks */ = {isa = PBXBuildFile; productRef = ADF00879289A691300849163 /* Alamofire */; };
		ADF0087D289A692500849163 /* SwiftyJSON in Frameworks */ = {isa = PBXBuildFile; productRef = ADF0087C289A692500849163 /* SwiftyJSON */; };
		ADF00881289A6A5A00849163 /* TMDBCollectionViewCell.swift in Sources */ = {isa = PBXBuildFile; fileRef = ADF0087F289A6A5A00849163 /* TMDBCollectionViewCell.swift */; };
		ADF00882289A6A5A00849163 /* TMDBCollectionViewCell.xib in Resources */ = {isa = PBXBuildFile; fileRef = ADF00880289A6A5A00849163 /* TMDBCollectionViewCell.xib */; };
		ADF00887289A6D7000849163 /* Identifier+Protocol.swift in Sources */ = {isa = PBXBuildFile; fileRef = ADF00886289A6D7000849163 /* Identifier+Protocol.swift */; };
		ADF0088A289A6E7100849163 /* UIViewController+Extension.swift in Sources */ = {isa = PBXBuildFile; fileRef = ADF00889289A6E7100849163 /* UIViewController+Extension.swift */; };
		ADF0088C289A733800849163 /* TMDBData.swift in Sources */ = {isa = PBXBuildFile; fileRef = ADF0088B289A733800849163 /* TMDBData.swift */; };
/* End PBXBuildFile section */

/* Begin PBXFileReference section */
		AD154B48289D004700D6779C /* SearchingMovieManager.swift */ = {isa = PBXFileReference; lastKnownFileType = sourcecode.swift; path = SearchingMovieManager.swift; sourceTree = "<group>"; };
		AD154B4A289D260000D6779C /* SearchingCastManager.swift */ = {isa = PBXFileReference; lastKnownFileType = sourcecode.swift; path = SearchingCastManager.swift; sourceTree = "<group>"; };
		AD6702D42899F6C80049E2E8 /* TMDBProject.app */ = {isa = PBXFileReference; explicitFileType = wrapper.application; includeInIndex = 0; path = TMDBProject.app; sourceTree = BUILT_PRODUCTS_DIR; };
		AD6702D72899F6C80049E2E8 /* AppDelegate.swift */ = {isa = PBXFileReference; lastKnownFileType = sourcecode.swift; path = AppDelegate.swift; sourceTree = "<group>"; };
		AD6702D92899F6C80049E2E8 /* SceneDelegate.swift */ = {isa = PBXFileReference; lastKnownFileType = sourcecode.swift; path = SceneDelegate.swift; sourceTree = "<group>"; };
		AD6702DE2899F6C80049E2E8 /* Base */ = {isa = PBXFileReference; lastKnownFileType = file.storyboard; name = Base; path = Base.lproj/Main.storyboard; sourceTree = "<group>"; };
		AD6702E02899F6C90049E2E8 /* Assets.xcassets */ = {isa = PBXFileReference; lastKnownFileType = folder.assetcatalog; path = Assets.xcassets; sourceTree = "<group>"; };
		AD6702E32899F6C90049E2E8 /* Base */ = {isa = PBXFileReference; lastKnownFileType = file.storyboard; name = Base; path = Base.lproj/LaunchScreen.storyboard; sourceTree = "<group>"; };
		AD6702E52899F6C90049E2E8 /* Info.plist */ = {isa = PBXFileReference; lastKnownFileType = text.plist.xml; path = Info.plist; sourceTree = "<group>"; };
		AD6702EB2899F7D30049E2E8 /* .gitignore */ = {isa = PBXFileReference; lastKnownFileType = text; path = .gitignore; sourceTree = "<group>"; };
		AD6702ED2899F88E0049E2E8 /* APIKey.swift */ = {isa = PBXFileReference; lastKnownFileType = sourcecode.swift; path = APIKey.swift; sourceTree = "<group>"; };
		AD6C0D4C289AB15F00BC54D3 /* HeaderCollectionViewFlowLayout.swift */ = {isa = PBXFileReference; lastKnownFileType = sourcecode.swift; path = HeaderCollectionViewFlowLayout.swift; sourceTree = "<group>"; };
		AD6C0D4F289AB36200BC54D3 /* HeaderReusableView.xib */ = {isa = PBXFileReference; lastKnownFileType = file.xib; path = HeaderReusableView.xib; sourceTree = "<group>"; };
		AD6C0D52289AC67D00BC54D3 /* UIView+Extension.swift */ = {isa = PBXFileReference; lastKnownFileType = sourcecode.swift; path = "UIView+Extension.swift"; sourceTree = "<group>"; };
		AD7827C7289E432400E52C9B /* HeaderReusableView.swift */ = {isa = PBXFileReference; lastKnownFileType = sourcecode.swift; path = HeaderReusableView.swift; sourceTree = "<group>"; };
		AD8F26D0289BE51B00A5D4D7 /* DetailMovieTableViewCell.swift */ = {isa = PBXFileReference; lastKnownFileType = sourcecode.swift; path = DetailMovieTableViewCell.swift; sourceTree = "<group>"; };
		AD8F26D1289BE51B00A5D4D7 /* DetailMovieTableViewCell.xib */ = {isa = PBXFileReference; lastKnownFileType = file.xib; path = DetailMovieTableViewCell.xib; sourceTree = "<group>"; };
		ADCE065C289C03850034246E /* DetailViewController.swift */ = {isa = PBXFileReference; lastKnownFileType = sourcecode.swift; path = DetailViewController.swift; sourceTree = "<group>"; };
		ADF00873289A685E00849163 /* TMDBViewController.swift */ = {isa = PBXFileReference; lastKnownFileType = sourcecode.swift; path = TMDBViewController.swift; sourceTree = "<group>"; };
		ADF0087F289A6A5A00849163 /* TMDBCollectionViewCell.swift */ = {isa = PBXFileReference; lastKnownFileType = sourcecode.swift; path = TMDBCollectionViewCell.swift; sourceTree = "<group>"; };
		ADF00880289A6A5A00849163 /* TMDBCollectionViewCell.xib */ = {isa = PBXFileReference; lastKnownFileType = file.xib; path = TMDBCollectionViewCell.xib; sourceTree = "<group>"; };
		ADF00886289A6D7000849163 /* Identifier+Protocol.swift */ = {isa = PBXFileReference; lastKnownFileType = sourcecode.swift; path = "Identifier+Protocol.swift"; sourceTree = "<group>"; };
		ADF00889289A6E7100849163 /* UIViewController+Extension.swift */ = {isa = PBXFileReference; lastKnownFileType = sourcecode.swift; path = "UIViewController+Extension.swift"; sourceTree = "<group>"; };
		ADF0088B289A733800849163 /* TMDBData.swift */ = {isa = PBXFileReference; lastKnownFileType = sourcecode.swift; path = TMDBData.swift; sourceTree = "<group>"; };
/* End PBXFileReference section */

/* Begin PBXFrameworksBuildPhase section */
		AD6702D12899F6C80049E2E8 /* Frameworks */ = {
			isa = PBXFrameworksBuildPhase;
			buildActionMask = 2147483647;
			files = (
				ADF0087D289A692500849163 /* SwiftyJSON in Frameworks */,
				ADF00877289A690500849163 /* Kingfisher in Frameworks */,
				ADF0087A289A691300849163 /* Alamofire in Frameworks */,
			);
			runOnlyForDeploymentPostprocessing = 0;
		};
/* End PBXFrameworksBuildPhase section */

/* Begin PBXGroup section */
		AD154B45289D000000D6779C /* Networking */ = {
			isa = PBXGroup;
			children = (
				AD154B48289D004700D6779C /* SearchingMovieManager.swift */,
				AD154B4A289D260000D6779C /* SearchingCastManager.swift */,
			);
			path = Networking;
			sourceTree = "<group>";
		};
		AD6702CB2899F6C80049E2E8 = {
			isa = PBXGroup;
			children = (
				AD6702EB2899F7D30049E2E8 /* .gitignore */,
				AD6702D62899F6C80049E2E8 /* TMDBProject */,
				AD6702D52899F6C80049E2E8 /* Products */,
			);
			sourceTree = "<group>";
		};
		AD6702D52899F6C80049E2E8 /* Products */ = {
			isa = PBXGroup;
			children = (
				AD6702D42899F6C80049E2E8 /* TMDBProject.app */,
			);
			name = Products;
			sourceTree = "<group>";
		};
		AD6702D62899F6C80049E2E8 /* TMDBProject */ = {
			isa = PBXGroup;
			children = (
				AD6702D72899F6C80049E2E8 /* AppDelegate.swift */,
				AD6702D92899F6C80049E2E8 /* SceneDelegate.swift */,
				ADF00888289A6E1B00849163 /* Extensions */,
				AD6702F02899FA600049E2E8 /* Key */,
				ADF00885289A6D4200849163 /* Protocol */,
				AD154B45289D000000D6779C /* Networking */,
				ADF0087E289A694F00849163 /* FetchingFromTMDB */,
				AD6702E02899F6C90049E2E8 /* Assets.xcassets */,
				AD6702E22899F6C90049E2E8 /* LaunchScreen.storyboard */,
				AD6702E52899F6C90049E2E8 /* Info.plist */,
			);
			path = TMDBProject;
			sourceTree = "<group>";
		};
		AD6702F02899FA600049E2E8 /* Key */ = {
			isa = PBXGroup;
			children = (
				AD6702ED2899F88E0049E2E8 /* APIKey.swift */,
			);
			path = Key;
			sourceTree = "<group>";
		};
		AD7827C5289E414400E52C9B /* Main */ = {
			isa = PBXGroup;
			children = (
				ADF00880289A6A5A00849163 /* TMDBCollectionViewCell.xib */,
				AD6C0D4F289AB36200BC54D3 /* HeaderReusableView.xib */,
				ADF00873289A685E00849163 /* TMDBViewController.swift */,
				ADF0087F289A6A5A00849163 /* TMDBCollectionViewCell.swift */,
				AD7827C7289E432400E52C9B /* HeaderReusableView.swift */,
			);
			path = Main;
			sourceTree = "<group>";
		};
		AD7827C6289E41F800E52C9B /* DetailView */ = {
			isa = PBXGroup;
			children = (
				AD8F26D1289BE51B00A5D4D7 /* DetailMovieTableViewCell.xib */,
				ADCE065C289C03850034246E /* DetailViewController.swift */,
				AD8F26D0289BE51B00A5D4D7 /* DetailMovieTableViewCell.swift */,
			);
			path = DetailView;
			sourceTree = "<group>";
		};
		ADF0087E289A694F00849163 /* FetchingFromTMDB */ = {
			isa = PBXGroup;
			children = (
				ADF0088B289A733800849163 /* TMDBData.swift */,
				AD6C0D4C289AB15F00BC54D3 /* HeaderCollectionViewFlowLayout.swift */,
				AD6702DD2899F6C80049E2E8 /* Main.storyboard */,
				AD7827C5289E414400E52C9B /* Main */,
				AD7827C6289E41F800E52C9B /* DetailView */,
			);
			path = FetchingFromTMDB;
			sourceTree = "<group>";
		};
		ADF00885289A6D4200849163 /* Protocol */ = {
			isa = PBXGroup;
			children = (
				ADF00886289A6D7000849163 /* Identifier+Protocol.swift */,
			);
			path = Protocol;
			sourceTree = "<group>";
		};
		ADF00888289A6E1B00849163 /* Extensions */ = {
			isa = PBXGroup;
			children = (
				ADF00889289A6E7100849163 /* UIViewController+Extension.swift */,
				AD6C0D52289AC67D00BC54D3 /* UIView+Extension.swift */,
			);
			path = Extensions;
			sourceTree = "<group>";
		};
/* End PBXGroup section */

/* Begin PBXNativeTarget section */
		AD6702D32899F6C80049E2E8 /* TMDBProject */ = {
			isa = PBXNativeTarget;
			buildConfigurationList = AD6702E82899F6C90049E2E8 /* Build configuration list for PBXNativeTarget "TMDBProject" */;
			buildPhases = (
				AD6702D02899F6C80049E2E8 /* Sources */,
				AD6702D12899F6C80049E2E8 /* Frameworks */,
				AD6702D22899F6C80049E2E8 /* Resources */,
			);
			buildRules = (
			);
			dependencies = (
			);
			name = TMDBProject;
			packageProductDependencies = (
				ADF00876289A690500849163 /* Kingfisher */,
				ADF00879289A691300849163 /* Alamofire */,
				ADF0087C289A692500849163 /* SwiftyJSON */,
			);
			productName = TMDBProject;
			productReference = AD6702D42899F6C80049E2E8 /* TMDBProject.app */;
			productType = "com.apple.product-type.application";
		};
/* End PBXNativeTarget section */

/* Begin PBXProject section */
		AD6702CC2899F6C80049E2E8 /* Project object */ = {
			isa = PBXProject;
			attributes = {
				BuildIndependentTargetsInParallel = 1;
				LastSwiftUpdateCheck = 1340;
				LastUpgradeCheck = 1340;
				TargetAttributes = {
					AD6702D32899F6C80049E2E8 = {
						CreatedOnToolsVersion = 13.4.1;
					};
				};
			};
			buildConfigurationList = AD6702CF2899F6C80049E2E8 /* Build configuration list for PBXProject "TMDBProject" */;
			compatibilityVersion = "Xcode 13.0";
			developmentRegion = en;
			hasScannedForEncodings = 0;
			knownRegions = (
				en,
				Base,
			);
			mainGroup = AD6702CB2899F6C80049E2E8;
			packageReferences = (
				ADF00875289A690500849163 /* XCRemoteSwiftPackageReference "Kingfisher" */,
				ADF00878289A691300849163 /* XCRemoteSwiftPackageReference "Alamofire" */,
				ADF0087B289A692500849163 /* XCRemoteSwiftPackageReference "SwiftyJSON" */,
			);
			productRefGroup = AD6702D52899F6C80049E2E8 /* Products */;
			projectDirPath = "";
			projectRoot = "";
			targets = (
				AD6702D32899F6C80049E2E8 /* TMDBProject */,
			);
		};
/* End PBXProject section */

/* Begin PBXResourcesBuildPhase section */
		AD6702D22899F6C80049E2E8 /* Resources */ = {
			isa = PBXResourcesBuildPhase;
			buildActionMask = 2147483647;
			files = (
				AD8F26D3289BE51B00A5D4D7 /* DetailMovieTableViewCell.xib in Resources */,
				AD6C0D51289AB36200BC54D3 /* HeaderReusableView.xib in Resources */,
				ADF00882289A6A5A00849163 /* TMDBCollectionViewCell.xib in Resources */,
				AD6702EC2899F7D30049E2E8 /* .gitignore in Resources */,
				AD6702E42899F6C90049E2E8 /* LaunchScreen.storyboard in Resources */,
				AD6702E12899F6C90049E2E8 /* Assets.xcassets in Resources */,
				AD6702DF2899F6C80049E2E8 /* Main.storyboard in Resources */,
			);
			runOnlyForDeploymentPostprocessing = 0;
		};
/* End PBXResourcesBuildPhase section */

/* Begin PBXSourcesBuildPhase section */
		AD6702D02899F6C80049E2E8 /* Sources */ = {
			isa = PBXSourcesBuildPhase;
			buildActionMask = 2147483647;
			files = (
				ADCE065D289C03850034246E /* DetailViewController.swift in Sources */,
				AD6C0D53289AC67D00BC54D3 /* UIView+Extension.swift in Sources */,
				AD7827C8289E432400E52C9B /* HeaderReusableView.swift in Sources */,
				AD154B49289D004700D6779C /* SearchingMovieManager.swift in Sources */,
				AD6702D82899F6C80049E2E8 /* AppDelegate.swift in Sources */,
				ADF00874289A685E00849163 /* TMDBViewController.swift in Sources */,
				AD8F26D2289BE51B00A5D4D7 /* DetailMovieTableViewCell.swift in Sources */,
				ADF0088C289A733800849163 /* TMDBData.swift in Sources */,
				AD6702EE2899F88E0049E2E8 /* APIKey.swift in Sources */,
				AD6702DA2899F6C80049E2E8 /* SceneDelegate.swift in Sources */,
				ADF0088A289A6E7100849163 /* UIViewController+Extension.swift in Sources */,
				ADF00887289A6D7000849163 /* Identifier+Protocol.swift in Sources */,
				ADF00881289A6A5A00849163 /* TMDBCollectionViewCell.swift in Sources */,
				AD6C0D4D289AB15F00BC54D3 /* HeaderCollectionViewFlowLayout.swift in Sources */,
				AD154B4B289D260000D6779C /* SearchingCastManager.swift in Sources */,
			);
			runOnlyForDeploymentPostprocessing = 0;
		};
/* End PBXSourcesBuildPhase section */

/* Begin PBXVariantGroup section */
		AD6702DD2899F6C80049E2E8 /* Main.storyboard */ = {
			isa = PBXVariantGroup;
			children = (
				AD6702DE2899F6C80049E2E8 /* Base */,
			);
			name = Main.storyboard;
			sourceTree = "<group>";
		};
		AD6702E22899F6C90049E2E8 /* LaunchScreen.storyboard */ = {
			isa = PBXVariantGroup;
			children = (
				AD6702E32899F6C90049E2E8 /* Base */,
			);
			name = LaunchScreen.storyboard;
			sourceTree = "<group>";
		};
/* End PBXVariantGroup section */

/* Begin XCBuildConfiguration section */
		AD6702E62899F6C90049E2E8 /* Debug */ = {
			isa = XCBuildConfiguration;
			buildSettings = {
				ALWAYS_SEARCH_USER_PATHS = NO;
				CLANG_ANALYZER_NONNULL = YES;
				CLANG_ANALYZER_NUMBER_OBJECT_CONVERSION = YES_AGGRESSIVE;
				CLANG_CXX_LANGUAGE_STANDARD = "gnu++17";
				CLANG_ENABLE_MODULES = YES;
				CLANG_ENABLE_OBJC_ARC = YES;
				CLANG_ENABLE_OBJC_WEAK = YES;
				CLANG_WARN_BLOCK_CAPTURE_AUTORELEASING = YES;
				CLANG_WARN_BOOL_CONVERSION = YES;
				CLANG_WARN_COMMA = YES;
				CLANG_WARN_CONSTANT_CONVERSION = YES;
				CLANG_WARN_DEPRECATED_OBJC_IMPLEMENTATIONS = YES;
				CLANG_WARN_DIRECT_OBJC_ISA_USAGE = YES_ERROR;
				CLANG_WARN_DOCUMENTATION_COMMENTS = YES;
				CLANG_WARN_EMPTY_BODY = YES;
				CLANG_WARN_ENUM_CONVERSION = YES;
				CLANG_WARN_INFINITE_RECURSION = YES;
				CLANG_WARN_INT_CONVERSION = YES;
				CLANG_WARN_NON_LITERAL_NULL_CONVERSION = YES;
				CLANG_WARN_OBJC_IMPLICIT_RETAIN_SELF = YES;
				CLANG_WARN_OBJC_LITERAL_CONVERSION = YES;
				CLANG_WARN_OBJC_ROOT_CLASS = YES_ERROR;
				CLANG_WARN_QUOTED_INCLUDE_IN_FRAMEWORK_HEADER = YES;
				CLANG_WARN_RANGE_LOOP_ANALYSIS = YES;
				CLANG_WARN_STRICT_PROTOTYPES = YES;
				CLANG_WARN_SUSPICIOUS_MOVE = YES;
				CLANG_WARN_UNGUARDED_AVAILABILITY = YES_AGGRESSIVE;
				CLANG_WARN_UNREACHABLE_CODE = YES;
				CLANG_WARN__DUPLICATE_METHOD_MATCH = YES;
				COPY_PHASE_STRIP = NO;
				DEBUG_INFORMATION_FORMAT = dwarf;
				ENABLE_STRICT_OBJC_MSGSEND = YES;
				ENABLE_TESTABILITY = YES;
				GCC_C_LANGUAGE_STANDARD = gnu11;
				GCC_DYNAMIC_NO_PIC = NO;
				GCC_NO_COMMON_BLOCKS = YES;
				GCC_OPTIMIZATION_LEVEL = 0;
				GCC_PREPROCESSOR_DEFINITIONS = (
					"DEBUG=1",
					"$(inherited)",
				);
				GCC_WARN_64_TO_32_BIT_CONVERSION = YES;
				GCC_WARN_ABOUT_RETURN_TYPE = YES_ERROR;
				GCC_WARN_UNDECLARED_SELECTOR = YES;
				GCC_WARN_UNINITIALIZED_AUTOS = YES_AGGRESSIVE;
				GCC_WARN_UNUSED_FUNCTION = YES;
				GCC_WARN_UNUSED_VARIABLE = YES;
				IPHONEOS_DEPLOYMENT_TARGET = 15.5;
				MTL_ENABLE_DEBUG_INFO = INCLUDE_SOURCE;
				MTL_FAST_MATH = YES;
				ONLY_ACTIVE_ARCH = YES;
				SDKROOT = iphoneos;
				SWIFT_ACTIVE_COMPILATION_CONDITIONS = DEBUG;
				SWIFT_OPTIMIZATION_LEVEL = "-Onone";
			};
			name = Debug;
		};
		AD6702E72899F6C90049E2E8 /* Release */ = {
			isa = XCBuildConfiguration;
			buildSettings = {
				ALWAYS_SEARCH_USER_PATHS = NO;
				CLANG_ANALYZER_NONNULL = YES;
				CLANG_ANALYZER_NUMBER_OBJECT_CONVERSION = YES_AGGRESSIVE;
				CLANG_CXX_LANGUAGE_STANDARD = "gnu++17";
				CLANG_ENABLE_MODULES = YES;
				CLANG_ENABLE_OBJC_ARC = YES;
				CLANG_ENABLE_OBJC_WEAK = YES;
				CLANG_WARN_BLOCK_CAPTURE_AUTORELEASING = YES;
				CLANG_WARN_BOOL_CONVERSION = YES;
				CLANG_WARN_COMMA = YES;
				CLANG_WARN_CONSTANT_CONVERSION = YES;
				CLANG_WARN_DEPRECATED_OBJC_IMPLEMENTATIONS = YES;
				CLANG_WARN_DIRECT_OBJC_ISA_USAGE = YES_ERROR;
				CLANG_WARN_DOCUMENTATION_COMMENTS = YES;
				CLANG_WARN_EMPTY_BODY = YES;
				CLANG_WARN_ENUM_CONVERSION = YES;
				CLANG_WARN_INFINITE_RECURSION = YES;
				CLANG_WARN_INT_CONVERSION = YES;
				CLANG_WARN_NON_LITERAL_NULL_CONVERSION = YES;
				CLANG_WARN_OBJC_IMPLICIT_RETAIN_SELF = YES;
				CLANG_WARN_OBJC_LITERAL_CONVERSION = YES;
				CLANG_WARN_OBJC_ROOT_CLASS = YES_ERROR;
				CLANG_WARN_QUOTED_INCLUDE_IN_FRAMEWORK_HEADER = YES;
				CLANG_WARN_RANGE_LOOP_ANALYSIS = YES;
				CLANG_WARN_STRICT_PROTOTYPES = YES;
				CLANG_WARN_SUSPICIOUS_MOVE = YES;
				CLANG_WARN_UNGUARDED_AVAILABILITY = YES_AGGRESSIVE;
				CLANG_WARN_UNREACHABLE_CODE = YES;
				CLANG_WARN__DUPLICATE_METHOD_MATCH = YES;
				COPY_PHASE_STRIP = NO;
				DEBUG_INFORMATION_FORMAT = "dwarf-with-dsym";
				ENABLE_NS_ASSERTIONS = NO;
				ENABLE_STRICT_OBJC_MSGSEND = YES;
				GCC_C_LANGUAGE_STANDARD = gnu11;
				GCC_NO_COMMON_BLOCKS = YES;
				GCC_WARN_64_TO_32_BIT_CONVERSION = YES;
				GCC_WARN_ABOUT_RETURN_TYPE = YES_ERROR;
				GCC_WARN_UNDECLARED_SELECTOR = YES;
				GCC_WARN_UNINITIALIZED_AUTOS = YES_AGGRESSIVE;
				GCC_WARN_UNUSED_FUNCTION = YES;
				GCC_WARN_UNUSED_VARIABLE = YES;
				IPHONEOS_DEPLOYMENT_TARGET = 15.5;
				MTL_ENABLE_DEBUG_INFO = NO;
				MTL_FAST_MATH = YES;
				SDKROOT = iphoneos;
				SWIFT_COMPILATION_MODE = wholemodule;
				SWIFT_OPTIMIZATION_LEVEL = "-O";
				VALIDATE_PRODUCT = YES;
			};
			name = Release;
		};
		AD6702E92899F6C90049E2E8 /* Debug */ = {
			isa = XCBuildConfiguration;
			buildSettings = {
				ASSETCATALOG_COMPILER_APPICON_NAME = AppIcon;
				ASSETCATALOG_COMPILER_GLOBAL_ACCENT_COLOR_NAME = AccentColor;
				CODE_SIGN_STYLE = Automatic;
				CURRENT_PROJECT_VERSION = 1;
				DEVELOPMENT_TEAM = DLA597KS3F;
				GENERATE_INFOPLIST_FILE = YES;
				INFOPLIST_FILE = TMDBProject/Info.plist;
				INFOPLIST_KEY_UIApplicationSupportsIndirectInputEvents = YES;
				INFOPLIST_KEY_UILaunchStoryboardName = LaunchScreen;
				INFOPLIST_KEY_UIMainStoryboardFile = Main;
				INFOPLIST_KEY_UISupportedInterfaceOrientations = UIInterfaceOrientationPortrait;
				INFOPLIST_KEY_UISupportedInterfaceOrientations_iPad = "UIInterfaceOrientationPortrait UIInterfaceOrientationPortraitUpsideDown UIInterfaceOrientationLandscapeLeft UIInterfaceOrientationLandscapeRight";
				INFOPLIST_KEY_UISupportedInterfaceOrientations_iPhone = UIInterfaceOrientationPortrait;
				IPHONEOS_DEPLOYMENT_TARGET = 15.0;
				LD_RUNPATH_SEARCH_PATHS = (
					"$(inherited)",
					"@executable_path/Frameworks",
				);
				MARKETING_VERSION = 1.0;
				PRODUCT_BUNDLE_IDENTIFIER = com.jhee.TMDBProject;
				PRODUCT_NAME = "$(TARGET_NAME)";
				SWIFT_EMIT_LOC_STRINGS = YES;
				SWIFT_VERSION = 5.0;
				TARGETED_DEVICE_FAMILY = 1;
			};
			name = Debug;
		};
		AD6702EA2899F6C90049E2E8 /* Release */ = {
			isa = XCBuildConfiguration;
			buildSettings = {
				ASSETCATALOG_COMPILER_APPICON_NAME = AppIcon;
				ASSETCATALOG_COMPILER_GLOBAL_ACCENT_COLOR_NAME = AccentColor;
				CODE_SIGN_STYLE = Automatic;
				CURRENT_PROJECT_VERSION = 1;
				DEVELOPMENT_TEAM = DLA597KS3F;
				GENERATE_INFOPLIST_FILE = YES;
				INFOPLIST_FILE = TMDBProject/Info.plist;
				INFOPLIST_KEY_UIApplicationSupportsIndirectInputEvents = YES;
				INFOPLIST_KEY_UILaunchStoryboardName = LaunchScreen;
				INFOPLIST_KEY_UIMainStoryboardFile = Main;
				INFOPLIST_KEY_UISupportedInterfaceOrientations = UIInterfaceOrientationPortrait;
				INFOPLIST_KEY_UISupportedInterfaceOrientations_iPad = "UIInterfaceOrientationPortrait UIInterfaceOrientationPortraitUpsideDown UIInterfaceOrientationLandscapeLeft UIInterfaceOrientationLandscapeRight";
				INFOPLIST_KEY_UISupportedInterfaceOrientations_iPhone = UIInterfaceOrientationPortrait;
				IPHONEOS_DEPLOYMENT_TARGET = 15.0;
				LD_RUNPATH_SEARCH_PATHS = (
					"$(inherited)",
					"@executable_path/Frameworks",
				);
				MARKETING_VERSION = 1.0;
				PRODUCT_BUNDLE_IDENTIFIER = com.jhee.TMDBProject;
				PRODUCT_NAME = "$(TARGET_NAME)";
				SWIFT_EMIT_LOC_STRINGS = YES;
				SWIFT_VERSION = 5.0;
				TARGETED_DEVICE_FAMILY = 1;
			};
			name = Release;
		};
/* End XCBuildConfiguration section */

/* Begin XCConfigurationList section */
		AD6702CF2899F6C80049E2E8 /* Build configuration list for PBXProject "TMDBProject" */ = {
			isa = XCConfigurationList;
			buildConfigurations = (
				AD6702E62899F6C90049E2E8 /* Debug */,
				AD6702E72899F6C90049E2E8 /* Release */,
			);
			defaultConfigurationIsVisible = 0;
			defaultConfigurationName = Release;
		};
		AD6702E82899F6C90049E2E8 /* Build configuration list for PBXNativeTarget "TMDBProject" */ = {
			isa = XCConfigurationList;
			buildConfigurations = (
				AD6702E92899F6C90049E2E8 /* Debug */,
				AD6702EA2899F6C90049E2E8 /* Release */,
			);
			defaultConfigurationIsVisible = 0;
			defaultConfigurationName = Release;
		};
/* End XCConfigurationList section */

/* Begin XCRemoteSwiftPackageReference section */
		ADF00875289A690500849163 /* XCRemoteSwiftPackageReference "Kingfisher" */ = {
			isa = XCRemoteSwiftPackageReference;
			repositoryURL = "https://github.com/onevcat/Kingfisher.git";
			requirement = {
				kind = upToNextMajorVersion;
				minimumVersion = 7.0.0;
			};
		};
		ADF00878289A691300849163 /* XCRemoteSwiftPackageReference "Alamofire" */ = {
			isa = XCRemoteSwiftPackageReference;
			repositoryURL = "https://github.com/Alamofire/Alamofire.git";
			requirement = {
				kind = upToNextMajorVersion;
				minimumVersion = 5.0.0;
			};
		};
		ADF0087B289A692500849163 /* XCRemoteSwiftPackageReference "SwiftyJSON" */ = {
			isa = XCRemoteSwiftPackageReference;
			repositoryURL = "https://github.com/SwiftyJSON/SwiftyJSON.git";
			requirement = {
				kind = upToNextMajorVersion;
				minimumVersion = 5.0.0;
			};
		};
/* End XCRemoteSwiftPackageReference section */

/* Begin XCSwiftPackageProductDependency section */
		ADF00876289A690500849163 /* Kingfisher */ = {
			isa = XCSwiftPackageProductDependency;
			package = ADF00875289A690500849163 /* XCRemoteSwiftPackageReference "Kingfisher" */;
			productName = Kingfisher;
		};
		ADF00879289A691300849163 /* Alamofire */ = {
			isa = XCSwiftPackageProductDependency;
			package = ADF00878289A691300849163 /* XCRemoteSwiftPackageReference "Alamofire" */;
			productName = Alamofire;
		};
		ADF0087C289A692500849163 /* SwiftyJSON */ = {
			isa = XCSwiftPackageProductDependency;
			package = ADF0087B289A692500849163 /* XCRemoteSwiftPackageReference "SwiftyJSON" */;
			productName = SwiftyJSON;
		};
/* End XCSwiftPackageProductDependency section */
	};
	rootObject = AD6702CC2899F6C80049E2E8 /* Project object */;
}
