// !$*UTF8*$!
{
	archiveVersion = 1;
	classes = {
	};
	objectVersion = 55;
	objects = {

/* Begin PBXBuildFile section */
		AD154B49289D004700D6779C /* SearchingMovieManager.swift in Sources */ = {isa = PBXBuildFile; fileRef = AD154B48289D004700D6779C /* SearchingMovieManager.swift */; };
		AD154B4B289D260000D6779C /* SearchingCastManager.swift in Sources */ = {isa = PBXBuildFile; fileRef = AD154B4A289D260000D6779C /* SearchingCastManager.swift */; };
		AD3B5A7528A4EAC8009B5E9A /* MapViewController.swift in Sources */ = {isa = PBXBuildFile; fileRef = AD3B5A7428A4EAC8009B5E9A /* MapViewController.swift */; };
		AD3B5A7728A4F9F3009B5E9A /* TheaterData.swift in Sources */ = {isa = PBXBuildFile; fileRef = AD3B5A7628A4F9F3009B5E9A /* TheaterData.swift */; };
		AD6702D82899F6C80049E2E8 /* AppDelegate.swift in Sources */ = {isa = PBXBuildFile; fileRef = AD6702D72899F6C80049E2E8 /* AppDelegate.swift */; };
		AD6702DA2899F6C80049E2E8 /* SceneDelegate.swift in Sources */ = {isa = PBXBuildFile; fileRef = AD6702D92899F6C80049E2E8 /* SceneDelegate.swift */; };
		AD6702DF2899F6C80049E2E8 /* Main.storyboard in Resources */ = {isa = PBXBuildFile; fileRef = AD6702DD2899F6C80049E2E8 /* Main.storyboard */; };
		AD6702E12899F6C90049E2E8 /* Assets.xcassets in Resources */ = {isa = PBXBuildFile; fileRef = AD6702E02899F6C90049E2E8 /* Assets.xcassets */; };
		AD6702E42899F6C90049E2E8 /* LaunchScreen.storyboard in Resources */ = {isa = PBXBuildFile; fileRef = AD6702E22899F6C90049E2E8 /* LaunchScreen.storyboard */; };
		AD6702EC2899F7D30049E2E8 /* .gitignore in Resources */ = {isa = PBXBuildFile; fileRef = AD6702EB2899F7D30049E2E8 /* .gitignore */; };
		AD6702EE2899F88E0049E2E8 /* APIKey.swift in Sources */ = {isa = PBXBuildFile; fileRef = AD6702ED2899F88E0049E2E8 /* APIKey.swift */; };
		AD6C0D4D289AB15F00BC54D3 /* HeaderCollectionViewFlowLayout.swift in Sources */ = {isa = PBXBuildFile; fileRef = AD6C0D4C289AB15F00BC54D3 /* HeaderCollectionViewFlowLayout.swift */; };
		AD6C0D51289AB36200BC54D3 /* HeaderReusableView.xib in Resources */ = {isa = PBXBuildFile; fileRef = AD6C0D4F289AB36200BC54D3 /* HeaderReusableView.xib */; };
		AD7827C8289E432400E52C9B /* HeaderReusableView.swift in Sources */ = {isa = PBXBuildFile; fileRef = AD7827C7289E432400E52C9B /* HeaderReusableView.swift */; };
		AD89049628AB977D002ADCF0 /* OLFramework.framework in Frameworks */ = {isa = PBXBuildFile; fileRef = AD89049228AB956B002ADCF0 /* OLFramework.framework */; };
		AD89049728AB977D002ADCF0 /* OLFramework.framework in Embed Frameworks */ = {isa = PBXBuildFile; fileRef = AD89049228AB956B002ADCF0 /* OLFramework.framework */; settings = {ATTRIBUTES = (CodeSignOnCopy, RemoveHeadersOnCopy, ); }; };
		AD89049B28AB97D0002ADCF0 /* WalkThrough.storyboard in Resources */ = {isa = PBXBuildFile; fileRef = AD89049A28AB97D0002ADCF0 /* WalkThrough.storyboard */; };
		AD89049F28AB9897002ADCF0 /* ContentViewController.swift in Sources */ = {isa = PBXBuildFile; fileRef = AD89049E28AB9897002ADCF0 /* ContentViewController.swift */; };
		AD8904A828ABA069002ADCF0 /* WalkThroughViewController.swift in Sources */ = {isa = PBXBuildFile; fileRef = AD8904A728ABA069002ADCF0 /* WalkThroughViewController.swift */; };
		AD8904AA28ABAF6C002ADCF0 /* WalkThroughPageViewController.swift in Sources */ = {isa = PBXBuildFile; fileRef = AD8904A928ABAF6C002ADCF0 /* WalkThroughPageViewController.swift */; };
		AD8F26D2289BE51B00A5D4D7 /* DetailMovieTableViewCell.swift in Sources */ = {isa = PBXBuildFile; fileRef = AD8F26D0289BE51B00A5D4D7 /* DetailMovieTableViewCell.swift */; };
		AD8F26D3289BE51B00A5D4D7 /* DetailMovieTableViewCell.xib in Resources */ = {isa = PBXBuildFile; fileRef = AD8F26D1289BE51B00A5D4D7 /* DetailMovieTableViewCell.xib */; };
		ADC5B108289E561B00B85511 /* OverViewTableViewCell.swift in Sources */ = {isa = PBXBuildFile; fileRef = ADC5B106289E561B00B85511 /* OverViewTableViewCell.swift */; };
		ADC5B109289E561B00B85511 /* OverViewTableViewCell.xib in Resources */ = {isa = PBXBuildFile; fileRef = ADC5B107289E561B00B85511 /* OverViewTableViewCell.xib */; };
		ADC5B10B289E5FD700B85511 /* UIButton+Extension.swift in Sources */ = {isa = PBXBuildFile; fileRef = ADC5B10A289E5FD700B85511 /* UIButton+Extension.swift */; };
		ADCE065D289C03850034246E /* DetailViewController.swift in Sources */ = {isa = PBXBuildFile; fileRef = ADCE065C289C03850034246E /* DetailViewController.swift */; };
		ADD8D3B7289EAB82003BEFEB /* DateHelper.swift in Sources */ = {isa = PBXBuildFile; fileRef = ADD8D3B6289EAB82003BEFEB /* DateHelper.swift */; };
		ADD8D3B9289EAC35003BEFEB /* GenreHelper.swift in Sources */ = {isa = PBXBuildFile; fileRef = ADD8D3B8289EAC35003BEFEB /* GenreHelper.swift */; };
		ADD8D3BB289EB5CF003BEFEB /* SearchingYouTubeManager.swift in Sources */ = {isa = PBXBuildFile; fileRef = ADD8D3BA289EB5CF003BEFEB /* SearchingYouTubeManager.swift */; };
		ADD8D3BE289EBD76003BEFEB /* WebViewSearchController.swift in Sources */ = {isa = PBXBuildFile; fileRef = ADD8D3BD289EBD76003BEFEB /* WebViewSearchController.swift */; };
		ADF00874289A685E00849163 /* TMDBViewController.swift in Sources */ = {isa = PBXBuildFile; fileRef = ADF00873289A685E00849163 /* TMDBViewController.swift */; };
		ADF00881289A6A5A00849163 /* TMDBCollectionViewCell.swift in Sources */ = {isa = PBXBuildFile; fileRef = ADF0087F289A6A5A00849163 /* TMDBCollectionViewCell.swift */; };
		ADF00882289A6A5A00849163 /* TMDBCollectionViewCell.xib in Resources */ = {isa = PBXBuildFile; fileRef = ADF00880289A6A5A00849163 /* TMDBCollectionViewCell.xib */; };
		ADF0088A289A6E7100849163 /* UIViewController+Extension.swift in Sources */ = {isa = PBXBuildFile; fileRef = ADF00889289A6E7100849163 /* UIViewController+Extension.swift */; };
		ADF0088C289A733800849163 /* TMDBData.swift in Sources */ = {isa = PBXBuildFile; fileRef = ADF0088B289A733800849163 /* TMDBData.swift */; };
		ADFC50A728A24257000E1B6B /* SwiftyJSON in Frameworks */ = {isa = PBXBuildFile; productRef = ADFC50A628A24257000E1B6B /* SwiftyJSON */; };
		ADFC50AA28A24267000E1B6B /* JGProgressHUD in Frameworks */ = {isa = PBXBuildFile; productRef = ADFC50A928A24267000E1B6B /* JGProgressHUD */; };
		ADFC50AD28A2429B000E1B6B /* Alamofire in Frameworks */ = {isa = PBXBuildFile; productRef = ADFC50AC28A2429B000E1B6B /* Alamofire */; };
		ADFC50B028A242B9000E1B6B /* Kingfisher in Frameworks */ = {isa = PBXBuildFile; productRef = ADFC50AF28A242B9000E1B6B /* Kingfisher */; };
		ADFC50B328A2448D000E1B6B /* MovieViewController.swift in Sources */ = {isa = PBXBuildFile; fileRef = ADFC50B228A2448D000E1B6B /* MovieViewController.swift */; };
		ADFC50B528A244BF000E1B6B /* Movies.storyboard in Resources */ = {isa = PBXBuildFile; fileRef = ADFC50B428A244BF000E1B6B /* Movies.storyboard */; };
		ADFC50B928A247A0000E1B6B /* PosterView.swift in Sources */ = {isa = PBXBuildFile; fileRef = ADFC50B828A247A0000E1B6B /* PosterView.swift */; };
		ADFC50BB28A2480D000E1B6B /* PosterView.xib in Resources */ = {isa = PBXBuildFile; fileRef = ADFC50BA28A2480D000E1B6B /* PosterView.xib */; };
		ADFC50BE28A2497A000E1B6B /* PosterCollectionViewCell.swift in Sources */ = {isa = PBXBuildFile; fileRef = ADFC50BC28A2497A000E1B6B /* PosterCollectionViewCell.swift */; };
		ADFC50BF28A2497A000E1B6B /* PosterCollectionViewCell.xib in Resources */ = {isa = PBXBuildFile; fileRef = ADFC50BD28A2497A000E1B6B /* PosterCollectionViewCell.xib */; };
		ADFC50C128A2503F000E1B6B /* MainTableViewCell.swift in Sources */ = {isa = PBXBuildFile; fileRef = ADFC50C028A2503F000E1B6B /* MainTableViewCell.swift */; };
/* End PBXBuildFile section */

/* Begin PBXContainerItemProxy section */
		AD89049128AB956B002ADCF0 /* PBXContainerItemProxy */ = {
			isa = PBXContainerItemProxy;
			containerPortal = AD89048C28AB956B002ADCF0 /* OLFramework.xcodeproj */;
			proxyType = 2;
			remoteGlobalIDString = AD89043E28AB7B7E002ADCF0;
			remoteInfo = OLFramework;
		};
		AD89049328AB956B002ADCF0 /* PBXContainerItemProxy */ = {
			isa = PBXContainerItemProxy;
			containerPortal = AD89048C28AB956B002ADCF0 /* OLFramework.xcodeproj */;
			proxyType = 2;
			remoteGlobalIDString = AD89044828AB7B7E002ADCF0;
			remoteInfo = OLFrameworkTests;
		};
/* End PBXContainerItemProxy section */

/* Begin PBXCopyFilesBuildPhase section */
		AD89049828AB977D002ADCF0 /* Embed Frameworks */ = {
			isa = PBXCopyFilesBuildPhase;
			buildActionMask = 2147483647;
			dstPath = "";
			dstSubfolderSpec = 10;
			files = (
				AD89049728AB977D002ADCF0 /* OLFramework.framework in Embed Frameworks */,
			);
			name = "Embed Frameworks";
			runOnlyForDeploymentPostprocessing = 0;
		};
/* End PBXCopyFilesBuildPhase section */

/* Begin PBXFileReference section */
		AD154B48289D004700D6779C /* SearchingMovieManager.swift */ = {isa = PBXFileReference; lastKnownFileType = sourcecode.swift; path = SearchingMovieManager.swift; sourceTree = "<group>"; };
		AD154B4A289D260000D6779C /* SearchingCastManager.swift */ = {isa = PBXFileReference; lastKnownFileType = sourcecode.swift; path = SearchingCastManager.swift; sourceTree = "<group>"; };
		AD3B5A7428A4EAC8009B5E9A /* MapViewController.swift */ = {isa = PBXFileReference; lastKnownFileType = sourcecode.swift; path = MapViewController.swift; sourceTree = "<group>"; };
		AD3B5A7628A4F9F3009B5E9A /* TheaterData.swift */ = {isa = PBXFileReference; lastKnownFileType = sourcecode.swift; path = TheaterData.swift; sourceTree = "<group>"; };
		AD6702D42899F6C80049E2E8 /* TMDBProject.app */ = {isa = PBXFileReference; explicitFileType = wrapper.application; includeInIndex = 0; path = TMDBProject.app; sourceTree = BUILT_PRODUCTS_DIR; };
		AD6702D72899F6C80049E2E8 /* AppDelegate.swift */ = {isa = PBXFileReference; lastKnownFileType = sourcecode.swift; path = AppDelegate.swift; sourceTree = "<group>"; };
		AD6702D92899F6C80049E2E8 /* SceneDelegate.swift */ = {isa = PBXFileReference; lastKnownFileType = sourcecode.swift; path = SceneDelegate.swift; sourceTree = "<group>"; };
		AD6702DE2899F6C80049E2E8 /* Base */ = {isa = PBXFileReference; lastKnownFileType = file.storyboard; name = Base; path = Base.lproj/Main.storyboard; sourceTree = "<group>"; };
		AD6702E02899F6C90049E2E8 /* Assets.xcassets */ = {isa = PBXFileReference; lastKnownFileType = folder.assetcatalog; path = Assets.xcassets; sourceTree = "<group>"; };
		AD6702E32899F6C90049E2E8 /* Base */ = {isa = PBXFileReference; lastKnownFileType = file.storyboard; name = Base; path = Base.lproj/LaunchScreen.storyboard; sourceTree = "<group>"; };
		AD6702E52899F6C90049E2E8 /* Info.plist */ = {isa = PBXFileReference; lastKnownFileType = text.plist.xml; path = Info.plist; sourceTree = "<group>"; };
		AD6702EB2899F7D30049E2E8 /* .gitignore */ = {isa = PBXFileReference; lastKnownFileType = text; path = .gitignore; sourceTree = "<group>"; };
		AD6702ED2899F88E0049E2E8 /* APIKey.swift */ = {isa = PBXFileReference; lastKnownFileType = sourcecode.swift; path = APIKey.swift; sourceTree = "<group>"; };
		AD6C0D4C289AB15F00BC54D3 /* HeaderCollectionViewFlowLayout.swift */ = {isa = PBXFileReference; lastKnownFileType = sourcecode.swift; path = HeaderCollectionViewFlowLayout.swift; sourceTree = "<group>"; };
		AD6C0D4F289AB36200BC54D3 /* HeaderReusableView.xib */ = {isa = PBXFileReference; lastKnownFileType = file.xib; path = HeaderReusableView.xib; sourceTree = "<group>"; };
		AD7827C7289E432400E52C9B /* HeaderReusableView.swift */ = {isa = PBXFileReference; lastKnownFileType = sourcecode.swift; path = HeaderReusableView.swift; sourceTree = "<group>"; };
		AD89048C28AB956B002ADCF0 /* OLFramework.xcodeproj */ = {isa = PBXFileReference; lastKnownFileType = "wrapper.pb-project"; name = OLFramework.xcodeproj; path = ../../0816/OLFramework/OLFramework.xcodeproj; sourceTree = "<group>"; };
		AD89049A28AB97D0002ADCF0 /* WalkThrough.storyboard */ = {isa = PBXFileReference; lastKnownFileType = file.storyboard; path = WalkThrough.storyboard; sourceTree = "<group>"; };
		AD89049E28AB9897002ADCF0 /* ContentViewController.swift */ = {isa = PBXFileReference; lastKnownFileType = sourcecode.swift; path = ContentViewController.swift; sourceTree = "<group>"; };
		AD8904A728ABA069002ADCF0 /* WalkThroughViewController.swift */ = {isa = PBXFileReference; lastKnownFileType = sourcecode.swift; path = WalkThroughViewController.swift; sourceTree = "<group>"; };
		AD8904A928ABAF6C002ADCF0 /* WalkThroughPageViewController.swift */ = {isa = PBXFileReference; lastKnownFileType = sourcecode.swift; path = WalkThroughPageViewController.swift; sourceTree = "<group>"; };
		AD8F26D0289BE51B00A5D4D7 /* DetailMovieTableViewCell.swift */ = {isa = PBXFileReference; lastKnownFileType = sourcecode.swift; path = DetailMovieTableViewCell.swift; sourceTree = "<group>"; };
		AD8F26D1289BE51B00A5D4D7 /* DetailMovieTableViewCell.xib */ = {isa = PBXFileReference; lastKnownFileType = file.xib; path = DetailMovieTableViewCell.xib; sourceTree = "<group>"; };
		ADC5B106289E561B00B85511 /* OverViewTableViewCell.swift */ = {isa = PBXFileReference; lastKnownFileType = sourcecode.swift; path = OverViewTableViewCell.swift; sourceTree = "<group>"; };
		ADC5B107289E561B00B85511 /* OverViewTableViewCell.xib */ = {isa = PBXFileReference; lastKnownFileType = file.xib; path = OverViewTableViewCell.xib; sourceTree = "<group>"; };
		ADC5B10A289E5FD700B85511 /* UIButton+Extension.swift */ = {isa = PBXFileReference; lastKnownFileType = sourcecode.swift; path = "UIButton+Extension.swift"; sourceTree = "<group>"; };
		ADCE065C289C03850034246E /* DetailViewController.swift */ = {isa = PBXFileReference; lastKnownFileType = sourcecode.swift; path = DetailViewController.swift; sourceTree = "<group>"; };
		ADD8D3B6289EAB82003BEFEB /* DateHelper.swift */ = {isa = PBXFileReference; lastKnownFileType = sourcecode.swift; path = DateHelper.swift; sourceTree = "<group>"; };
		ADD8D3B8289EAC35003BEFEB /* GenreHelper.swift */ = {isa = PBXFileReference; lastKnownFileType = sourcecode.swift; path = GenreHelper.swift; sourceTree = "<group>"; };
		ADD8D3BA289EB5CF003BEFEB /* SearchingYouTubeManager.swift */ = {isa = PBXFileReference; lastKnownFileType = sourcecode.swift; path = SearchingYouTubeManager.swift; sourceTree = "<group>"; };
		ADD8D3BD289EBD76003BEFEB /* WebViewSearchController.swift */ = {isa = PBXFileReference; lastKnownFileType = sourcecode.swift; path = WebViewSearchController.swift; sourceTree = "<group>"; };
		ADF00873289A685E00849163 /* TMDBViewController.swift */ = {isa = PBXFileReference; lastKnownFileType = sourcecode.swift; path = TMDBViewController.swift; sourceTree = "<group>"; };
		ADF0087F289A6A5A00849163 /* TMDBCollectionViewCell.swift */ = {isa = PBXFileReference; lastKnownFileType = sourcecode.swift; path = TMDBCollectionViewCell.swift; sourceTree = "<group>"; };
		ADF00880289A6A5A00849163 /* TMDBCollectionViewCell.xib */ = {isa = PBXFileReference; lastKnownFileType = file.xib; path = TMDBCollectionViewCell.xib; sourceTree = "<group>"; };
		ADF00889289A6E7100849163 /* UIViewController+Extension.swift */ = {isa = PBXFileReference; lastKnownFileType = sourcecode.swift; path = "UIViewController+Extension.swift"; sourceTree = "<group>"; };
		ADF0088B289A733800849163 /* TMDBData.swift */ = {isa = PBXFileReference; lastKnownFileType = sourcecode.swift; path = TMDBData.swift; sourceTree = "<group>"; };
		ADFC50B228A2448D000E1B6B /* MovieViewController.swift */ = {isa = PBXFileReference; lastKnownFileType = sourcecode.swift; path = MovieViewController.swift; sourceTree = "<group>"; };
		ADFC50B428A244BF000E1B6B /* Movies.storyboard */ = {isa = PBXFileReference; lastKnownFileType = file.storyboard; path = Movies.storyboard; sourceTree = "<group>"; };
		ADFC50B828A247A0000E1B6B /* PosterView.swift */ = {isa = PBXFileReference; lastKnownFileType = sourcecode.swift; path = PosterView.swift; sourceTree = "<group>"; };
		ADFC50BA28A2480D000E1B6B /* PosterView.xib */ = {isa = PBXFileReference; lastKnownFileType = file.xib; path = PosterView.xib; sourceTree = "<group>"; };
		ADFC50BC28A2497A000E1B6B /* PosterCollectionViewCell.swift */ = {isa = PBXFileReference; lastKnownFileType = sourcecode.swift; path = PosterCollectionViewCell.swift; sourceTree = "<group>"; };
		ADFC50BD28A2497A000E1B6B /* PosterCollectionViewCell.xib */ = {isa = PBXFileReference; lastKnownFileType = file.xib; path = PosterCollectionViewCell.xib; sourceTree = "<group>"; };
		ADFC50C028A2503F000E1B6B /* MainTableViewCell.swift */ = {isa = PBXFileReference; lastKnownFileType = sourcecode.swift; path = MainTableViewCell.swift; sourceTree = "<group>"; };
/* End PBXFileReference section */

/* Begin PBXFrameworksBuildPhase section */
		AD6702D12899F6C80049E2E8 /* Frameworks */ = {
			isa = PBXFrameworksBuildPhase;
			buildActionMask = 2147483647;
			files = (
				ADFC50B028A242B9000E1B6B /* Kingfisher in Frameworks */,
				ADFC50AD28A2429B000E1B6B /* Alamofire in Frameworks */,
				AD89049628AB977D002ADCF0 /* OLFramework.framework in Frameworks */,
				ADFC50AA28A24267000E1B6B /* JGProgressHUD in Frameworks */,
				ADFC50A728A24257000E1B6B /* SwiftyJSON in Frameworks */,
			);
			runOnlyForDeploymentPostprocessing = 0;
		};
/* End PBXFrameworksBuildPhase section */

/* Begin PBXGroup section */
		AD154B45289D000000D6779C /* Networking */ = {
			isa = PBXGroup;
			children = (
				AD154B48289D004700D6779C /* SearchingMovieManager.swift */,
				AD154B4A289D260000D6779C /* SearchingCastManager.swift */,
				ADD8D3BA289EB5CF003BEFEB /* SearchingYouTubeManager.swift */,
			);
			path = Networking;
			sourceTree = "<group>";
		};
		AD6702CB2899F6C80049E2E8 = {
			isa = PBXGroup;
			children = (
				AD89048C28AB956B002ADCF0 /* OLFramework.xcodeproj */,
				AD6702EB2899F7D30049E2E8 /* .gitignore */,
				AD6702D62899F6C80049E2E8 /* TMDBProject */,
				AD6702D52899F6C80049E2E8 /* Products */,
				AD89049528AB977D002ADCF0 /* Frameworks */,
			);
			sourceTree = "<group>";
		};
		AD6702D52899F6C80049E2E8 /* Products */ = {
			isa = PBXGroup;
			children = (
				AD6702D42899F6C80049E2E8 /* TMDBProject.app */,
			);
			name = Products;
			sourceTree = "<group>";
		};
		AD6702D62899F6C80049E2E8 /* TMDBProject */ = {
			isa = PBXGroup;
			children = (
				AD6702D72899F6C80049E2E8 /* AppDelegate.swift */,
				AD6702D92899F6C80049E2E8 /* SceneDelegate.swift */,
				ADF00888289A6E1B00849163 /* Extensions */,
				AD6702F02899FA600049E2E8 /* Key */,
				AD154B45289D000000D6779C /* Networking */,
				AD89049928AB97B1002ADCF0 /* WalkThrough */,
				ADF0087E289A694F00849163 /* FetchingFromTMDB */,
				ADD8D3BC289EBD2E003BEFEB /* WebView */,
				ADFC50B128A24426000E1B6B /* Movies */,
				AD6702E02899F6C90049E2E8 /* Assets.xcassets */,
				AD6702E22899F6C90049E2E8 /* LaunchScreen.storyboard */,
				AD6702E52899F6C90049E2E8 /* Info.plist */,
			);
			path = TMDBProject;
			sourceTree = "<group>";
		};
		AD6702F02899FA600049E2E8 /* Key */ = {
			isa = PBXGroup;
			children = (
				AD6702ED2899F88E0049E2E8 /* APIKey.swift */,
			);
			path = Key;
			sourceTree = "<group>";
		};
		AD7827C5289E414400E52C9B /* Main */ = {
			isa = PBXGroup;
			children = (
				AD6702DD2899F6C80049E2E8 /* Main.storyboard */,
				ADF00880289A6A5A00849163 /* TMDBCollectionViewCell.xib */,
				AD6C0D4F289AB36200BC54D3 /* HeaderReusableView.xib */,
				AD3B5A7428A4EAC8009B5E9A /* MapViewController.swift */,
				ADF00873289A685E00849163 /* TMDBViewController.swift */,
				ADF0087F289A6A5A00849163 /* TMDBCollectionViewCell.swift */,
				AD7827C7289E432400E52C9B /* HeaderReusableView.swift */,
			);
			path = Main;
			sourceTree = "<group>";
		};
		AD7827C6289E41F800E52C9B /* DetailView */ = {
			isa = PBXGroup;
			children = (
				AD8F26D1289BE51B00A5D4D7 /* DetailMovieTableViewCell.xib */,
				ADC5B107289E561B00B85511 /* OverViewTableViewCell.xib */,
				ADCE065C289C03850034246E /* DetailViewController.swift */,
				ADC5B106289E561B00B85511 /* OverViewTableViewCell.swift */,
				AD8F26D0289BE51B00A5D4D7 /* DetailMovieTableViewCell.swift */,
			);
			path = DetailView;
			sourceTree = "<group>";
		};
		AD89048D28AB956B002ADCF0 /* Products */ = {
			isa = PBXGroup;
			children = (
				AD89049228AB956B002ADCF0 /* OLFramework.framework */,
				AD89049428AB956B002ADCF0 /* OLFrameworkTests.xctest */,
			);
			name = Products;
			sourceTree = "<group>";
		};
		AD89049528AB977D002ADCF0 /* Frameworks */ = {
			isa = PBXGroup;
			children = (
			);
			name = Frameworks;
			sourceTree = "<group>";
		};
		AD89049928AB97B1002ADCF0 /* WalkThrough */ = {
			isa = PBXGroup;
			children = (
				AD89049A28AB97D0002ADCF0 /* WalkThrough.storyboard */,
				AD8904A928ABAF6C002ADCF0 /* WalkThroughPageViewController.swift */,
				AD8904A728ABA069002ADCF0 /* WalkThroughViewController.swift */,
				AD89049E28AB9897002ADCF0 /* ContentViewController.swift */,
			);
			path = WalkThrough;
			sourceTree = "<group>";
		};
		ADD8D3BC289EBD2E003BEFEB /* WebView */ = {
			isa = PBXGroup;
			children = (
				ADD8D3BD289EBD76003BEFEB /* WebViewSearchController.swift */,
			);
			path = WebView;
			sourceTree = "<group>";
		};
		ADF0087E289A694F00849163 /* FetchingFromTMDB */ = {
			isa = PBXGroup;
			children = (
				ADD8D3B8289EAC35003BEFEB /* GenreHelper.swift */,
				ADD8D3B6289EAB82003BEFEB /* DateHelper.swift */,
				ADF0088B289A733800849163 /* TMDBData.swift */,
				AD6C0D4C289AB15F00BC54D3 /* HeaderCollectionViewFlowLayout.swift */,
				AD3B5A7628A4F9F3009B5E9A /* TheaterData.swift */,
				AD7827C5289E414400E52C9B /* Main */,
				AD7827C6289E41F800E52C9B /* DetailView */,
			);
			path = FetchingFromTMDB;
			sourceTree = "<group>";
		};
		ADF00888289A6E1B00849163 /* Extensions */ = {
			isa = PBXGroup;
			children = (
				ADF00889289A6E7100849163 /* UIViewController+Extension.swift */,
				ADC5B10A289E5FD700B85511 /* UIButton+Extension.swift */,
			);
			path = Extensions;
			sourceTree = "<group>";
		};
		ADFC50B128A24426000E1B6B /* Movies */ = {
			isa = PBXGroup;
			children = (
				ADFC50B428A244BF000E1B6B /* Movies.storyboard */,
				ADFC50B228A2448D000E1B6B /* MovieViewController.swift */,
				ADFC50C028A2503F000E1B6B /* MainTableViewCell.swift */,
				ADFC50BA28A2480D000E1B6B /* PosterView.xib */,
				ADFC50B828A247A0000E1B6B /* PosterView.swift */,
				ADFC50BD28A2497A000E1B6B /* PosterCollectionViewCell.xib */,
				ADFC50BC28A2497A000E1B6B /* PosterCollectionViewCell.swift */,
			);
			path = Movies;
			sourceTree = "<group>";
		};
/* End PBXGroup section */

/* Begin PBXNativeTarget section */
		AD6702D32899F6C80049E2E8 /* TMDBProject */ = {
			isa = PBXNativeTarget;
			buildConfigurationList = AD6702E82899F6C90049E2E8 /* Build configuration list for PBXNativeTarget "TMDBProject" */;
			buildPhases = (
				AD6702D02899F6C80049E2E8 /* Sources */,
				AD6702D12899F6C80049E2E8 /* Frameworks */,
				AD6702D22899F6C80049E2E8 /* Resources */,
				AD89049828AB977D002ADCF0 /* Embed Frameworks */,
			);
			buildRules = (
			);
			dependencies = (
			);
			name = TMDBProject;
			packageProductDependencies = (
				ADFC50A628A24257000E1B6B /* SwiftyJSON */,
				ADFC50A928A24267000E1B6B /* JGProgressHUD */,
				ADFC50AC28A2429B000E1B6B /* Alamofire */,
				ADFC50AF28A242B9000E1B6B /* Kingfisher */,
			);
			productName = TMDBProject;
			productReference = AD6702D42899F6C80049E2E8 /* TMDBProject.app */;
			productType = "com.apple.product-type.application";
		};
/* End PBXNativeTarget section */

/* Begin PBXProject section */
		AD6702CC2899F6C80049E2E8 /* Project object */ = {
			isa = PBXProject;
			attributes = {
				BuildIndependentTargetsInParallel = 1;
				LastSwiftUpdateCheck = 1340;
				LastUpgradeCheck = 1340;
				TargetAttributes = {
					AD6702D32899F6C80049E2E8 = {
						CreatedOnToolsVersion = 13.4.1;
					};
				};
			};
			buildConfigurationList = AD6702CF2899F6C80049E2E8 /* Build configuration list for PBXProject "TMDBProject" */;
			compatibilityVersion = "Xcode 13.0";
			developmentRegion = en;
			hasScannedForEncodings = 0;
			knownRegions = (
				en,
				Base,
			);
			mainGroup = AD6702CB2899F6C80049E2E8;
			packageReferences = (
				ADFC50A528A24257000E1B6B /* XCRemoteSwiftPackageReference "SwiftyJSON" */,
				ADFC50A828A24267000E1B6B /* XCRemoteSwiftPackageReference "JGProgressHUD" */,
				ADFC50AB28A2429B000E1B6B /* XCRemoteSwiftPackageReference "Alamofire" */,
				ADFC50AE28A242B9000E1B6B /* XCRemoteSwiftPackageReference "Kingfisher" */,
			);
			productRefGroup = AD6702D52899F6C80049E2E8 /* Products */;
			projectDirPath = "";
			projectReferences = (
				{
					ProductGroup = AD89048D28AB956B002ADCF0 /* Products */;
					ProjectRef = AD89048C28AB956B002ADCF0 /* OLFramework.xcodeproj */;
				},
			);
			projectRoot = "";
			targets = (
				AD6702D32899F6C80049E2E8 /* TMDBProject */,
			);
		};
/* End PBXProject section */

/* Begin PBXReferenceProxy section */
		AD89049228AB956B002ADCF0 /* OLFramework.framework */ = {
			isa = PBXReferenceProxy;
			fileType = wrapper.framework;
			path = OLFramework.framework;
			remoteRef = AD89049128AB956B002ADCF0 /* PBXContainerItemProxy */;
			sourceTree = BUILT_PRODUCTS_DIR;
		};
		AD89049428AB956B002ADCF0 /* OLFrameworkTests.xctest */ = {
			isa = PBXReferenceProxy;
			fileType = wrapper.cfbundle;
			path = OLFrameworkTests.xctest;
			remoteRef = AD89049328AB956B002ADCF0 /* PBXContainerItemProxy */;
			sourceTree = BUILT_PRODUCTS_DIR;
		};
/* End PBXReferenceProxy section */

/* Begin PBXResourcesBuildPhase section */
		AD6702D22899F6C80049E2E8 /* Resources */ = {
			isa = PBXResourcesBuildPhase;
			buildActionMask = 2147483647;
			files = (
				AD8F26D3289BE51B00A5D4D7 /* DetailMovieTableViewCell.xib in Resources */,
				ADFC50B528A244BF000E1B6B /* Movies.storyboard in Resources */,
				AD6C0D51289AB36200BC54D3 /* HeaderReusableView.xib in Resources */,
				ADF00882289A6A5A00849163 /* TMDBCollectionViewCell.xib in Resources */,
				AD6702EC2899F7D30049E2E8 /* .gitignore in Resources */,
				AD89049B28AB97D0002ADCF0 /* WalkThrough.storyboard in Resources */,
				ADFC50BF28A2497A000E1B6B /* PosterCollectionViewCell.xib in Resources */,
				ADC5B109289E561B00B85511 /* OverViewTableViewCell.xib in Resources */,
				AD6702E42899F6C90049E2E8 /* LaunchScreen.storyboard in Resources */,
				AD6702E12899F6C90049E2E8 /* Assets.xcassets in Resources */,
				AD6702DF2899F6C80049E2E8 /* Main.storyboard in Resources */,
				ADFC50BB28A2480D000E1B6B /* PosterView.xib in Resources */,
			);
			runOnlyForDeploymentPostprocessing = 0;
		};
/* End PBXResourcesBuildPhase section */

/* Begin PBXSourcesBuildPhase section */
		AD6702D02899F6C80049E2E8 /* Sources */ = {
			isa = PBXSourcesBuildPhase;
			buildActionMask = 2147483647;
			files = (
				AD89049F28AB9897002ADCF0 /* ContentViewController.swift in Sources */,
				ADC5B108289E561B00B85511 /* OverViewTableViewCell.swift in Sources */,
				ADCE065D289C03850034246E /* DetailViewController.swift in Sources */,
				ADC5B10B289E5FD700B85511 /* UIButton+Extension.swift in Sources */,
				AD7827C8289E432400E52C9B /* HeaderReusableView.swift in Sources */,
				AD154B49289D004700D6779C /* SearchingMovieManager.swift in Sources */,
				AD6702D82899F6C80049E2E8 /* AppDelegate.swift in Sources */,
				ADF00874289A685E00849163 /* TMDBViewController.swift in Sources */,
				ADD8D3BB289EB5CF003BEFEB /* SearchingYouTubeManager.swift in Sources */,
				ADFC50C128A2503F000E1B6B /* MainTableViewCell.swift in Sources */,
				AD8F26D2289BE51B00A5D4D7 /* DetailMovieTableViewCell.swift in Sources */,
				ADF0088C289A733800849163 /* TMDBData.swift in Sources */,
				AD6702EE2899F88E0049E2E8 /* APIKey.swift in Sources */,
				AD8904A828ABA069002ADCF0 /* WalkThroughViewController.swift in Sources */,
				AD6702DA2899F6C80049E2E8 /* SceneDelegate.swift in Sources */,
				ADFC50B328A2448D000E1B6B /* MovieViewController.swift in Sources */,
				ADF0088A289A6E7100849163 /* UIViewController+Extension.swift in Sources */,
				ADFC50B928A247A0000E1B6B /* PosterView.swift in Sources */,
				AD8904AA28ABAF6C002ADCF0 /* WalkThroughPageViewController.swift in Sources */,
				AD3B5A7728A4F9F3009B5E9A /* TheaterData.swift in Sources */,
				ADF00881289A6A5A00849163 /* TMDBCollectionViewCell.swift in Sources */,
				AD3B5A7528A4EAC8009B5E9A /* MapViewController.swift in Sources */,
				ADD8D3B7289EAB82003BEFEB /* DateHelper.swift in Sources */,
				AD6C0D4D289AB15F00BC54D3 /* HeaderCollectionViewFlowLayout.swift in Sources */,
				ADD8D3B9289EAC35003BEFEB /* GenreHelper.swift in Sources */,
				ADFC50BE28A2497A000E1B6B /* PosterCollectionViewCell.swift in Sources */,
				AD154B4B289D260000D6779C /* SearchingCastManager.swift in Sources */,
				ADD8D3BE289EBD76003BEFEB /* WebViewSearchController.swift in Sources */,
			);
			runOnlyForDeploymentPostprocessing = 0;
		};
/* End PBXSourcesBuildPhase section */

/* Begin PBXVariantGroup section */
		AD6702DD2899F6C80049E2E8 /* Main.storyboard */ = {
			isa = PBXVariantGroup;
			children = (
				AD6702DE2899F6C80049E2E8 /* Base */,
			);
			name = Main.storyboard;
			sourceTree = "<group>";
		};
		AD6702E22899F6C90049E2E8 /* LaunchScreen.storyboard */ = {
			isa = PBXVariantGroup;
			children = (
				AD6702E32899F6C90049E2E8 /* Base */,
			);
			name = LaunchScreen.storyboard;
			sourceTree = "<group>";
		};
/* End PBXVariantGroup section */

/* Begin XCBuildConfiguration section */
		AD6702E62899F6C90049E2E8 /* Debug */ = {
			isa = XCBuildConfiguration;
			buildSettings = {
				ALWAYS_SEARCH_USER_PATHS = NO;
				CLANG_ANALYZER_NONNULL = YES;
				CLANG_ANALYZER_NUMBER_OBJECT_CONVERSION = YES_AGGRESSIVE;
				CLANG_CXX_LANGUAGE_STANDARD = "gnu++17";
				CLANG_ENABLE_MODULES = YES;
				CLANG_ENABLE_OBJC_ARC = YES;
				CLANG_ENABLE_OBJC_WEAK = YES;
				CLANG_WARN_BLOCK_CAPTURE_AUTORELEASING = YES;
				CLANG_WARN_BOOL_CONVERSION = YES;
				CLANG_WARN_COMMA = YES;
				CLANG_WARN_CONSTANT_CONVERSION = YES;
				CLANG_WARN_DEPRECATED_OBJC_IMPLEMENTATIONS = YES;
				CLANG_WARN_DIRECT_OBJC_ISA_USAGE = YES_ERROR;
				CLANG_WARN_DOCUMENTATION_COMMENTS = YES;
				CLANG_WARN_EMPTY_BODY = YES;
				CLANG_WARN_ENUM_CONVERSION = YES;
				CLANG_WARN_INFINITE_RECURSION = YES;
				CLANG_WARN_INT_CONVERSION = YES;
				CLANG_WARN_NON_LITERAL_NULL_CONVERSION = YES;
				CLANG_WARN_OBJC_IMPLICIT_RETAIN_SELF = YES;
				CLANG_WARN_OBJC_LITERAL_CONVERSION = YES;
				CLANG_WARN_OBJC_ROOT_CLASS = YES_ERROR;
				CLANG_WARN_QUOTED_INCLUDE_IN_FRAMEWORK_HEADER = YES;
				CLANG_WARN_RANGE_LOOP_ANALYSIS = YES;
				CLANG_WARN_STRICT_PROTOTYPES = YES;
				CLANG_WARN_SUSPICIOUS_MOVE = YES;
				CLANG_WARN_UNGUARDED_AVAILABILITY = YES_AGGRESSIVE;
				CLANG_WARN_UNREACHABLE_CODE = YES;
				CLANG_WARN__DUPLICATE_METHOD_MATCH = YES;
				COPY_PHASE_STRIP = NO;
				DEBUG_INFORMATION_FORMAT = dwarf;
				ENABLE_STRICT_OBJC_MSGSEND = YES;
				ENABLE_TESTABILITY = YES;
				GCC_C_LANGUAGE_STANDARD = gnu11;
				GCC_DYNAMIC_NO_PIC = NO;
				GCC_NO_COMMON_BLOCKS = YES;
				GCC_OPTIMIZATION_LEVEL = 0;
				GCC_PREPROCESSOR_DEFINITIONS = (
					"DEBUG=1",
					"$(inherited)",
				);
				GCC_WARN_64_TO_32_BIT_CONVERSION = YES;
				GCC_WARN_ABOUT_RETURN_TYPE = YES_ERROR;
				GCC_WARN_UNDECLARED_SELECTOR = YES;
				GCC_WARN_UNINITIALIZED_AUTOS = YES_AGGRESSIVE;
				GCC_WARN_UNUSED_FUNCTION = YES;
				GCC_WARN_UNUSED_VARIABLE = YES;
				IPHONEOS_DEPLOYMENT_TARGET = 15.5;
				MTL_ENABLE_DEBUG_INFO = INCLUDE_SOURCE;
				MTL_FAST_MATH = YES;
				ONLY_ACTIVE_ARCH = YES;
				SDKROOT = iphoneos;
				SWIFT_ACTIVE_COMPILATION_CONDITIONS = DEBUG;
				SWIFT_OPTIMIZATION_LEVEL = "-Onone";
			};
			name = Debug;
		};
		AD6702E72899F6C90049E2E8 /* Release */ = {
			isa = XCBuildConfiguration;
			buildSettings = {
				ALWAYS_SEARCH_USER_PATHS = NO;
				CLANG_ANALYZER_NONNULL = YES;
				CLANG_ANALYZER_NUMBER_OBJECT_CONVERSION = YES_AGGRESSIVE;
				CLANG_CXX_LANGUAGE_STANDARD = "gnu++17";
				CLANG_ENABLE_MODULES = YES;
				CLANG_ENABLE_OBJC_ARC = YES;
				CLANG_ENABLE_OBJC_WEAK = YES;
				CLANG_WARN_BLOCK_CAPTURE_AUTORELEASING = YES;
				CLANG_WARN_BOOL_CONVERSION = YES;
				CLANG_WARN_COMMA = YES;
				CLANG_WARN_CONSTANT_CONVERSION = YES;
				CLANG_WARN_DEPRECATED_OBJC_IMPLEMENTATIONS = YES;
				CLANG_WARN_DIRECT_OBJC_ISA_USAGE = YES_ERROR;
				CLANG_WARN_DOCUMENTATION_COMMENTS = YES;
				CLANG_WARN_EMPTY_BODY = YES;
				CLANG_WARN_ENUM_CONVERSION = YES;
				CLANG_WARN_INFINITE_RECURSION = YES;
				CLANG_WARN_INT_CONVERSION = YES;
				CLANG_WARN_NON_LITERAL_NULL_CONVERSION = YES;
				CLANG_WARN_OBJC_IMPLICIT_RETAIN_SELF = YES;
				CLANG_WARN_OBJC_LITERAL_CONVERSION = YES;
				CLANG_WARN_OBJC_ROOT_CLASS = YES_ERROR;
				CLANG_WARN_QUOTED_INCLUDE_IN_FRAMEWORK_HEADER = YES;
				CLANG_WARN_RANGE_LOOP_ANALYSIS = YES;
				CLANG_WARN_STRICT_PROTOTYPES = YES;
				CLANG_WARN_SUSPICIOUS_MOVE = YES;
				CLANG_WARN_UNGUARDED_AVAILABILITY = YES_AGGRESSIVE;
				CLANG_WARN_UNREACHABLE_CODE = YES;
				CLANG_WARN__DUPLICATE_METHOD_MATCH = YES;
				COPY_PHASE_STRIP = NO;
				DEBUG_INFORMATION_FORMAT = "dwarf-with-dsym";
				ENABLE_NS_ASSERTIONS = NO;
				ENABLE_STRICT_OBJC_MSGSEND = YES;
				GCC_C_LANGUAGE_STANDARD = gnu11;
				GCC_NO_COMMON_BLOCKS = YES;
				GCC_WARN_64_TO_32_BIT_CONVERSION = YES;
				GCC_WARN_ABOUT_RETURN_TYPE = YES_ERROR;
				GCC_WARN_UNDECLARED_SELECTOR = YES;
				GCC_WARN_UNINITIALIZED_AUTOS = YES_AGGRESSIVE;
				GCC_WARN_UNUSED_FUNCTION = YES;
				GCC_WARN_UNUSED_VARIABLE = YES;
				IPHONEOS_DEPLOYMENT_TARGET = 15.5;
				MTL_ENABLE_DEBUG_INFO = NO;
				MTL_FAST_MATH = YES;
				SDKROOT = iphoneos;
				SWIFT_COMPILATION_MODE = wholemodule;
				SWIFT_OPTIMIZATION_LEVEL = "-O";
				VALIDATE_PRODUCT = YES;
			};
			name = Release;
		};
		AD6702E92899F6C90049E2E8 /* Debug */ = {
			isa = XCBuildConfiguration;
			buildSettings = {
				ASSETCATALOG_COMPILER_APPICON_NAME = AppIcon;
				ASSETCATALOG_COMPILER_GLOBAL_ACCENT_COLOR_NAME = AccentColor;
				CODE_SIGN_STYLE = Automatic;
				CURRENT_PROJECT_VERSION = 1;
				DEVELOPMENT_TEAM = DLA597KS3F;
				GENERATE_INFOPLIST_FILE = YES;
				INFOPLIST_FILE = TMDBProject/Info.plist;
				INFOPLIST_KEY_NSLocationWhenInUseUsageDescription = "사용자의 위치를 이용하여 주변의 가까운 영화관을 탐색합니다.";
				INFOPLIST_KEY_UIApplicationSupportsIndirectInputEvents = YES;
				INFOPLIST_KEY_UILaunchStoryboardName = LaunchScreen;
				INFOPLIST_KEY_UIMainStoryboardFile = Main;
				INFOPLIST_KEY_UISupportedInterfaceOrientations = UIInterfaceOrientationPortrait;
				INFOPLIST_KEY_UISupportedInterfaceOrientations_iPad = "UIInterfaceOrientationPortrait UIInterfaceOrientationPortraitUpsideDown UIInterfaceOrientationLandscapeLeft UIInterfaceOrientationLandscapeRight";
				INFOPLIST_KEY_UISupportedInterfaceOrientations_iPhone = UIInterfaceOrientationPortrait;
				IPHONEOS_DEPLOYMENT_TARGET = 15.0;
				LD_RUNPATH_SEARCH_PATHS = (
					"$(inherited)",
					"@executable_path/Frameworks",
				);
				MARKETING_VERSION = 1.0;
				PRODUCT_BUNDLE_IDENTIFIER = com.jhee.TMDBProject;
				PRODUCT_NAME = "$(TARGET_NAME)";
				SWIFT_EMIT_LOC_STRINGS = YES;
				SWIFT_VERSION = 5.0;
				TARGETED_DEVICE_FAMILY = 1;
			};
			name = Debug;
		};
		AD6702EA2899F6C90049E2E8 /* Release */ = {
			isa = XCBuildConfiguration;
			buildSettings = {
				ASSETCATALOG_COMPILER_APPICON_NAME = AppIcon;
				ASSETCATALOG_COMPILER_GLOBAL_ACCENT_COLOR_NAME = AccentColor;
				CODE_SIGN_STYLE = Automatic;
				CURRENT_PROJECT_VERSION = 1;
				DEVELOPMENT_TEAM = DLA597KS3F;
				GENERATE_INFOPLIST_FILE = YES;
				INFOPLIST_FILE = TMDBProject/Info.plist;
				INFOPLIST_KEY_NSLocationWhenInUseUsageDescription = "사용자의 위치를 이용하여 주변의 가까운 영화관을 탐색합니다.";
				INFOPLIST_KEY_UIApplicationSupportsIndirectInputEvents = YES;
				INFOPLIST_KEY_UILaunchStoryboardName = LaunchScreen;
				INFOPLIST_KEY_UIMainStoryboardFile = Main;
				INFOPLIST_KEY_UISupportedInterfaceOrientations = UIInterfaceOrientationPortrait;
				INFOPLIST_KEY_UISupportedInterfaceOrientations_iPad = "UIInterfaceOrientationPortrait UIInterfaceOrientationPortraitUpsideDown UIInterfaceOrientationLandscapeLeft UIInterfaceOrientationLandscapeRight";
				INFOPLIST_KEY_UISupportedInterfaceOrientations_iPhone = UIInterfaceOrientationPortrait;
				IPHONEOS_DEPLOYMENT_TARGET = 15.0;
				LD_RUNPATH_SEARCH_PATHS = (
					"$(inherited)",
					"@executable_path/Frameworks",
				);
				MARKETING_VERSION = 1.0;
				PRODUCT_BUNDLE_IDENTIFIER = com.jhee.TMDBProject;
				PRODUCT_NAME = "$(TARGET_NAME)";
				SWIFT_EMIT_LOC_STRINGS = YES;
				SWIFT_VERSION = 5.0;
				TARGETED_DEVICE_FAMILY = 1;
			};
			name = Release;
		};
/* End XCBuildConfiguration section */

/* Begin XCConfigurationList section */
		AD6702CF2899F6C80049E2E8 /* Build configuration list for PBXProject "TMDBProject" */ = {
			isa = XCConfigurationList;
			buildConfigurations = (
				AD6702E62899F6C90049E2E8 /* Debug */,
				AD6702E72899F6C90049E2E8 /* Release */,
			);
			defaultConfigurationIsVisible = 0;
			defaultConfigurationName = Release;
		};
		AD6702E82899F6C90049E2E8 /* Build configuration list for PBXNativeTarget "TMDBProject" */ = {
			isa = XCConfigurationList;
			buildConfigurations = (
				AD6702E92899F6C90049E2E8 /* Debug */,
				AD6702EA2899F6C90049E2E8 /* Release */,
			);
			defaultConfigurationIsVisible = 0;
			defaultConfigurationName = Release;
		};
/* End XCConfigurationList section */

/* Begin XCRemoteSwiftPackageReference section */
		ADFC50A528A24257000E1B6B /* XCRemoteSwiftPackageReference "SwiftyJSON" */ = {
			isa = XCRemoteSwiftPackageReference;
			repositoryURL = "https://github.com/SwiftyJSON/SwiftyJSON.git";
			requirement = {
				kind = upToNextMajorVersion;
				minimumVersion = 5.0.0;
			};
		};
		ADFC50A828A24267000E1B6B /* XCRemoteSwiftPackageReference "JGProgressHUD" */ = {
			isa = XCRemoteSwiftPackageReference;
			repositoryURL = "https://github.com/JonasGessner/JGProgressHUD.git";
			requirement = {
				kind = upToNextMajorVersion;
				minimumVersion = 2.0.0;
			};
		};
		ADFC50AB28A2429B000E1B6B /* XCRemoteSwiftPackageReference "Alamofire" */ = {
			isa = XCRemoteSwiftPackageReference;
			repositoryURL = "https://github.com/Alamofire/Alamofire.git";
			requirement = {
				kind = upToNextMajorVersion;
				minimumVersion = 5.0.0;
			};
		};
		ADFC50AE28A242B9000E1B6B /* XCRemoteSwiftPackageReference "Kingfisher" */ = {
			isa = XCRemoteSwiftPackageReference;
			repositoryURL = "https://github.com/onevcat/Kingfisher.git";
			requirement = {
				kind = upToNextMajorVersion;
				minimumVersion = 7.0.0;
			};
		};
/* End XCRemoteSwiftPackageReference section */

/* Begin XCSwiftPackageProductDependency section */
		ADFC50A628A24257000E1B6B /* SwiftyJSON */ = {
			isa = XCSwiftPackageProductDependency;
			package = ADFC50A528A24257000E1B6B /* XCRemoteSwiftPackageReference "SwiftyJSON" */;
			productName = SwiftyJSON;
		};
		ADFC50A928A24267000E1B6B /* JGProgressHUD */ = {
			isa = XCSwiftPackageProductDependency;
			package = ADFC50A828A24267000E1B6B /* XCRemoteSwiftPackageReference "JGProgressHUD" */;
			productName = JGProgressHUD;
		};
		ADFC50AC28A2429B000E1B6B /* Alamofire */ = {
			isa = XCSwiftPackageProductDependency;
			package = ADFC50AB28A2429B000E1B6B /* XCRemoteSwiftPackageReference "Alamofire" */;
			productName = Alamofire;
		};
		ADFC50AF28A242B9000E1B6B /* Kingfisher */ = {
			isa = XCSwiftPackageProductDependency;
			package = ADFC50AE28A242B9000E1B6B /* XCRemoteSwiftPackageReference "Kingfisher" */;
			productName = Kingfisher;
		};
/* End XCSwiftPackageProductDependency section */
	};
	rootObject = AD6702CC2899F6C80049E2E8 /* Project object */;
}
